
Microsoft Visual Studio Solution File, Format Version 9.00
# Visual Studio 2005
Project("{FAE04EC0-301F-11D3-BF4B-00C04F79EFBC}") = "Mktiffs", "Mktiffs.csproj", "{D5407666-98B2-4331-BC04-39D83A9A2A81}"
EndProject
Global
	GlobalSection(SolutionConfigurationPlatforms) = preSolution
		Debug|Any CPU = Debug|Any CPU
		Debug|x86 = Debug|x86
		Release|Any CPU = Release|Any CPU
		Release|x86 = Release|x86
	EndGlobalSection
	GlobalSection(ProjectConfigurationPlatforms) = postSolution
		{D5407666-98B2-4331-BC04-39D83A9A2A81}.Debug|Any CPU.ActiveCfg = Debug|Any CPU
		{D5407666-98B2-4331-BC04-39D83A9A2A81}.Debug|Any CPU.Build.0 = Debug|Any CPU
		{D5407666-98B2-4331-BC04-39D83A9A2A81}.Debug|x86.ActiveCfg = Debug|x86
		{D5407666-98B2-4331-BC04-39D83A9A2A81}.Debug|x86.Build.0 = Debug|x86
		{D5407666-98B2-4331-BC04-39D83A9A2A81}.Release|Any CPU.ActiveCfg = Release|Any CPU
		{D5407666-98B2-4331-BC04-39D83A9A2A81}.Release|Any CPU.Build.0 = Release|Any CPU
		{D5407666-98B2-4331-BC04-39D83A9A2A81}.Release|x86.ActiveCfg = Release|x86
		{D5407666-98B2-4331-BC04-39D83A9A2A81}.Release|x86.Build.0 = Release|x86
	EndGlobalSection
	GlobalSection(SolutionProperties) = preSolution
		HideSolutionNode = FALSE
	EndGlobalSection
EndGlobal
